
Microsoft Visual Studio Solution File, Format Version 12.00
# Visual Studio Version 17
VisualStudioVersion = 17.12.35707.178 d17.12
MinimumVisualStudioVersion = 10.0.40219.1
Project("{FAE04EC0-301F-11D3-BF4B-00C04F79EFBC}") = "Lucrarea1Alexandr", "Lucrarea1Alexandr\Lucrarea1Alexandr.csproj", "{5CC3F7DF-ED37-4884-96E5-E4D67E83E025}"
EndProject
Global
	GlobalSection(SolutionConfigurationPlatforms) = preSolution
		Debug|Any CPU = Debug|Any CPU
		Release|Any CPU = Release|Any CPU
	EndGlobalSection
	GlobalSection(ProjectConfigurationPlatforms) = postSolution
		{5CC3F7DF-ED37-4884-96E5-E4D67E83E025}.Debug|Any CPU.ActiveCfg = Debug|Any CPU
		{5CC3F7DF-ED37-4884-96E5-E4D67E83E025}.Debug|Any CPU.Build.0 = Debug|Any CPU
		{5CC3F7DF-ED37-4884-96E5-E4D67E83E025}.Release|Any CPU.ActiveCfg = Release|Any CPU
		{5CC3F7DF-ED37-4884-96E5-E4D67E83E025}.Release|Any CPU.Build.0 = Release|Any CPU
	EndGlobalSection
	GlobalSection(SolutionProperties) = preSolution
		HideSolutionNode = FALSE
	EndGlobalSection
EndGlobal
